// !$*UTF8*$!
{
	archiveVersion = 1;
	classes = {
	};
	objectVersion = 46;
	objects = {

/* Begin PBXBuildFile section */
		8213B23D1E190F88009E627B /* README.md in Sources */ = {isa = PBXBuildFile; fileRef = 8213B23C1E190F88009E627B /* README.md */; };
		8222DB871DD1EF81003982DA /* AppDelegate.swift in Sources */ = {isa = PBXBuildFile; fileRef = 8222DB861DD1EF81003982DA /* AppDelegate.swift */; };
		8222DB8C1DD1EF81003982DA /* Main.storyboard in Resources */ = {isa = PBXBuildFile; fileRef = 8222DB8A1DD1EF81003982DA /* Main.storyboard */; };
		8222DB8E1DD1EF81003982DA /* Assets.xcassets in Resources */ = {isa = PBXBuildFile; fileRef = 8222DB8D1DD1EF81003982DA /* Assets.xcassets */; };
		8222DB911DD1EF81003982DA /* LaunchScreen.storyboard in Resources */ = {isa = PBXBuildFile; fileRef = 8222DB8F1DD1EF81003982DA /* LaunchScreen.storyboard */; };
		8222DB991DD1F08B003982DA /* MatrixMath.swift in Sources */ = {isa = PBXBuildFile; fileRef = 8222DB981DD1F08B003982DA /* MatrixMath.swift */; };
		8222DB9B1DD1F0A1003982DA /* ViewController.swift in Sources */ = {isa = PBXBuildFile; fileRef = 8222DB9A1DD1F0A1003982DA /* ViewController.swift */; };
		8222DB9D1DD1F0A5003982DA /* Renderer.swift in Sources */ = {isa = PBXBuildFile; fileRef = 8222DB9C1DD1F0A5003982DA /* Renderer.swift */; };
		8222DB9F1DD1F0A9003982DA /* Model.swift in Sources */ = {isa = PBXBuildFile; fileRef = 8222DB9E1DD1F0A9003982DA /* Model.swift */; };
		8222DBA11DD1F0AD003982DA /* Shader.metal in Sources */ = {isa = PBXBuildFile; fileRef = 8222DBA01DD1F0AD003982DA /* Shader.metal */; };
/* End PBXBuildFile section */

/* Begin PBXFileReference section */
		8213B23C1E190F88009E627B /* README.md */ = {isa = PBXFileReference; fileEncoding = 4; lastKnownFileType = net.daringfireball.markdown; name = README.md; path = Shadows/README.md; sourceTree = "<group>"; };
		8222DB831DD1EF81003982DA /* Shadows.app */ = {isa = PBXFileReference; explicitFileType = wrapper.application; includeInIndex = 0; path = Shadows.app; sourceTree = BUILT_PRODUCTS_DIR; };
		8222DB861DD1EF81003982DA /* AppDelegate.swift */ = {isa = PBXFileReference; lastKnownFileType = sourcecode.swift; path = AppDelegate.swift; sourceTree = "<group>"; };
		8222DB8B1DD1EF81003982DA /* Base */ = {isa = PBXFileReference; lastKnownFileType = file.storyboard; name = Base; path = Base.lproj/Main.storyboard; sourceTree = "<group>"; };
		8222DB8D1DD1EF81003982DA /* Assets.xcassets */ = {isa = PBXFileReference; lastKnownFileType = folder.assetcatalog; path = Assets.xcassets; sourceTree = "<group>"; };
		8222DB901DD1EF81003982DA /* Base */ = {isa = PBXFileReference; lastKnownFileType = file.storyboard; name = Base; path = Base.lproj/LaunchScreen.storyboard; sourceTree = "<group>"; };
		8222DB921DD1EF81003982DA /* Info.plist */ = {isa = PBXFileReference; lastKnownFileType = text.plist.xml; path = Info.plist; sourceTree = "<group>"; };
		8222DB981DD1F08B003982DA /* MatrixMath.swift */ = {isa = PBXFileReference; fileEncoding = 4; lastKnownFileType = sourcecode.swift; path = MatrixMath.swift; sourceTree = "<group>"; };
		8222DB9A1DD1F0A1003982DA /* ViewController.swift */ = {isa = PBXFileReference; fileEncoding = 4; lastKnownFileType = sourcecode.swift; path = ViewController.swift; sourceTree = "<group>"; };
		8222DB9C1DD1F0A5003982DA /* Renderer.swift */ = {isa = PBXFileReference; fileEncoding = 4; lastKnownFileType = sourcecode.swift; path = Renderer.swift; sourceTree = "<group>"; };
		8222DB9E1DD1F0A9003982DA /* Model.swift */ = {isa = PBXFileReference; fileEncoding = 4; lastKnownFileType = sourcecode.swift; path = Model.swift; sourceTree = "<group>"; };
		8222DBA01DD1F0AD003982DA /* Shader.metal */ = {isa = PBXFileReference; fileEncoding = 4; lastKnownFileType = sourcecode.metal; path = Shader.metal; sourceTree = "<group>"; };
/* End PBXFileReference section */

/* Begin PBXFrameworksBuildPhase section */
		8222DB801DD1EF81003982DA /* Frameworks */ = {
			isa = PBXFrameworksBuildPhase;
			buildActionMask = 2147483647;
			files = (
			);
			runOnlyForDeploymentPostprocessing = 0;
		};
/* End PBXFrameworksBuildPhase section */

/* Begin PBXGroup section */
		8222DB7A1DD1EF81003982DA = {
			isa = PBXGroup;
			children = (
				8213B23C1E190F88009E627B /* README.md */,
				8222DB851DD1EF81003982DA /* Shadows */,
				8222DB841DD1EF81003982DA /* Products */,
			);
			sourceTree = "<group>";
		};
		8222DB841DD1EF81003982DA /* Products */ = {
			isa = PBXGroup;
			children = (
				8222DB831DD1EF81003982DA /* Shadows.app */,
			);
			name = Products;
			sourceTree = "<group>";
		};
		8222DB851DD1EF81003982DA /* Shadows */ = {
			isa = PBXGroup;
			children = (
				8222DB861DD1EF81003982DA /* AppDelegate.swift */,
				8222DB981DD1F08B003982DA /* MatrixMath.swift */,
				8222DB8A1DD1EF81003982DA /* Main.storyboard */,
				8222DB9A1DD1F0A1003982DA /* ViewController.swift */,
				8222DB9C1DD1F0A5003982DA /* Renderer.swift */,
				8222DB9E1DD1F0A9003982DA /* Model.swift */,
				8222DBA01DD1F0AD003982DA /* Shader.metal */,
				8222DB8D1DD1EF81003982DA /* Assets.xcassets */,
				8222DB8F1DD1EF81003982DA /* LaunchScreen.storyboard */,
				8222DB921DD1EF81003982DA /* Info.plist */,
			);
			path = Shadows;
			sourceTree = "<group>";
		};
/* End PBXGroup section */

/* Begin PBXNativeTarget section */
		8222DB821DD1EF81003982DA /* Shadows */ = {
			isa = PBXNativeTarget;
			buildConfigurationList = 8222DB951DD1EF81003982DA /* Build configuration list for PBXNativeTarget "Shadows" */;
			buildPhases = (
				8222DB7F1DD1EF81003982DA /* Sources */,
				8222DB801DD1EF81003982DA /* Frameworks */,
				8222DB811DD1EF81003982DA /* Resources */,
			);
			buildRules = (
			);
			dependencies = (
			);
			name = Shadows;
			productName = Shadows;
			productReference = 8222DB831DD1EF81003982DA /* Shadows.app */;
			productType = "com.apple.product-type.application";
		};
/* End PBXNativeTarget section */

/* Begin PBXProject section */
		8222DB7B1DD1EF81003982DA /* Project object */ = {
			isa = PBXProject;
			attributes = {
				LastSwiftUpdateCheck = 0820;
				LastUpgradeCheck = 0820;
				ORGANIZATIONNAME = "Caroline Begbie";
				TargetAttributes = {
					8222DB821DD1EF81003982DA = {
						CreatedOnToolsVersion = 8.2;
						DevelopmentTeam = 3E7TCD55JT;
						ProvisioningStyle = Automatic;
					};
				};
			};
			buildConfigurationList = 8222DB7E1DD1EF81003982DA /* Build configuration list for PBXProject "Shadows" */;
			compatibilityVersion = "Xcode 3.2";
			developmentRegion = English;
			hasScannedForEncodings = 0;
			knownRegions = (
				en,
				Base,
			);
			mainGroup = 8222DB7A1DD1EF81003982DA;
			productRefGroup = 8222DB841DD1EF81003982DA /* Products */;
			projectDirPath = "";
			projectRoot = "";
			targets = (
				8222DB821DD1EF81003982DA /* Shadows */,
			);
		};
/* End PBXProject section */

/* Begin PBXResourcesBuildPhase section */
		8222DB811DD1EF81003982DA /* Resources */ = {
			isa = PBXResourcesBuildPhase;
			buildActionMask = 2147483647;
			files = (
				8222DB911DD1EF81003982DA /* LaunchScreen.storyboard in Resources */,
				8222DB8E1DD1EF81003982DA /* Assets.xcassets in Resources */,
				8222DB8C1DD1EF81003982DA /* Main.storyboard in Resources */,
			);
			runOnlyForDeploymentPostprocessing = 0;
		};
/* End PBXResourcesBuildPhase section */

/* Begin PBXSourcesBuildPhase section */
		8222DB7F1DD1EF81003982DA /* Sources */ = {
			isa = PBXSourcesBuildPhase;
			buildActionMask = 2147483647;
			files = (
				8222DBA11DD1F0AD003982DA /* Shader.metal in Sources */,
				8222DB9F1DD1F0A9003982DA /* Model.swift in Sources */,
				8222DB9D1DD1F0A5003982DA /* Renderer.swift in Sources */,
				8213B23D1E190F88009E627B /* README.md in Sources */,
				8222DB9B1DD1F0A1003982DA /* ViewController.swift in Sources */,
				8222DB991DD1F08B003982DA /* MatrixMath.swift in Sources */,
				8222DB871DD1EF81003982DA /* AppDelegate.swift in Sources */,
			);
			runOnlyForDeploymentPostprocessing = 0;
		};
/* End PBXSourcesBuildPhase section */

/* Begin PBXVariantGroup section */
		8222DB8A1DD1EF81003982DA /* Main.storyboard */ = {
			isa = PBXVariantGroup;
			children = (
				8222DB8B1DD1EF81003982DA /* Base */,
			);
			name = Main.storyboard;
			sourceTree = "<group>";
		};
		8222DB8F1DD1EF81003982DA /* LaunchScreen.storyboard */ = {
			isa = PBXVariantGroup;
			children = (
				8222DB901DD1EF81003982DA /* Base */,
			);
			name = LaunchScreen.storyboard;
			sourceTree = "<group>";
		};
/* End PBXVariantGroup section */

/* Begin XCBuildConfiguration section */
		8222DB931DD1EF81003982DA /* Debug */ = {
			isa = XCBuildConfiguration;
			buildSettings = {
				ALWAYS_SEARCH_USER_PATHS = NO;
				CLANG_ANALYZER_NONNULL = YES;
				CLANG_CXX_LANGUAGE_STANDARD = "gnu++0x";
				CLANG_CXX_LIBRARY = "libc++";
				CLANG_ENABLE_MODULES = YES;
				CLANG_ENABLE_OBJC_ARC = YES;
				CLANG_WARN_BOOL_CONVERSION = YES;
				CLANG_WARN_CONSTANT_CONVERSION = YES;
				CLANG_WARN_DIRECT_OBJC_ISA_USAGE = YES_ERROR;
				CLANG_WARN_DOCUMENTATION_COMMENTS = YES;
				CLANG_WARN_EMPTY_BODY = YES;
				CLANG_WARN_ENUM_CONVERSION = YES;
				CLANG_WARN_INFINITE_RECURSION = YES;
				CLANG_WARN_INT_CONVERSION = YES;
				CLANG_WARN_OBJC_ROOT_CLASS = YES_ERROR;
				CLANG_WARN_SUSPICIOUS_MOVE = YES;
				CLANG_WARN_UNREACHABLE_CODE = YES;
				CLANG_WARN__DUPLICATE_METHOD_MATCH = YES;
				"CODE_SIGN_IDENTITY[sdk=iphoneos*]" = "iPhone Developer";
				COPY_PHASE_STRIP = NO;
				DEBUG_INFORMATION_FORMAT = dwarf;
				ENABLE_STRICT_OBJC_MSGSEND = YES;
				ENABLE_TESTABILITY = YES;
				GCC_C_LANGUAGE_STANDARD = gnu99;
				GCC_DYNAMIC_NO_PIC = NO;
				GCC_NO_COMMON_BLOCKS = YES;
				GCC_OPTIMIZATION_LEVEL = 0;
				GCC_PREPROCESSOR_DEFINITIONS = (
					"DEBUG=1",
					"$(inherited)",
				);
				GCC_WARN_64_TO_32_BIT_CONVERSION = YES;
				GCC_WARN_ABOUT_RETURN_TYPE = YES_ERROR;
				GCC_WARN_UNDECLARED_SELECTOR = YES;
				GCC_WARN_UNINITIALIZED_AUTOS = YES_AGGRESSIVE;
				GCC_WARN_UNUSED_FUNCTION = YES;
				GCC_WARN_UNUSED_VARIABLE = YES;
				IPHONEOS_DEPLOYMENT_TARGET = 10.2;
				MTL_ENABLE_DEBUG_INFO = YES;
				ONLY_ACTIVE_ARCH = YES;
				SDKROOT = iphoneos;
				SWIFT_ACTIVE_COMPILATION_CONDITIONS = DEBUG;
				SWIFT_OPTIMIZATION_LEVEL = "-Onone";
				TARGETED_DEVICE_FAMILY = "1,2";
			};
			name = Debug;
		};
		8222DB941DD1EF81003982DA /* Release */ = {
			isa = XCBuildConfiguration;
			buildSettings = {
				ALWAYS_SEARCH_USER_PATHS = NO;
				CLANG_ANALYZER_NONNULL = YES;
				CLANG_CXX_LANGUAGE_STANDARD = "gnu++0x";
				CLANG_CXX_LIBRARY = "libc++";
				CLANG_ENABLE_MODULES = YES;
				CLANG_ENABLE_OBJC_ARC = YES;
				CLANG_WARN_BOOL_CONVERSION = YES;
				CLANG_WARN_CONSTANT_CONVERSION = YES;
				CLANG_WARN_DIRECT_OBJC_ISA_USAGE = YES_ERROR;
				CLANG_WARN_DOCUMENTATION_COMMENTS = YES;
				CLANG_WARN_EMPTY_BODY = YES;
				CLANG_WARN_ENUM_CONVERSION = YES;
				CLANG_WARN_INFINITE_RECURSION = YES;
				CLANG_WARN_INT_CONVERSION = YES;
				CLANG_WARN_OBJC_ROOT_CLASS = YES_ERROR;
				CLANG_WARN_SUSPICIOUS_MOVE = YES;
				CLANG_WARN_UNREACHABLE_CODE = YES;
				CLANG_WARN__DUPLICATE_METHOD_MATCH = YES;
				"CODE_SIGN_IDENTITY[sdk=iphoneos*]" = "iPhone Developer";
				COPY_PHASE_STRIP = NO;
				DEBUG_INFORMATION_FORMAT = "dwarf-with-dsym";
				ENABLE_NS_ASSERTIONS = NO;
				ENABLE_STRICT_OBJC_MSGSEND = YES;
				GCC_C_LANGUAGE_STANDARD = gnu99;
				GCC_NO_COMMON_BLOCKS = YES;
				GCC_WARN_64_TO_32_BIT_CONVERSION = YES;
				GCC_WARN_ABOUT_RETURN_TYPE = YES_ERROR;
				GCC_WARN_UNDECLARED_SELECTOR = YES;
				GCC_WARN_UNINITIALIZED_AUTOS = YES_AGGRESSIVE;
				GCC_WARN_UNUSED_FUNCTION = YES;
				GCC_WARN_UNUSED_VARIABLE = YES;
				IPHONEOS_DEPLOYMENT_TARGET = 10.2;
				MTL_ENABLE_DEBUG_INFO = NO;
				SDKROOT = iphoneos;
				SWIFT_OPTIMIZATION_LEVEL = "-Owholemodule";
				TARGETED_DEVICE_FAMILY = "1,2";
				VALIDATE_PRODUCT = YES;
			};
			name = Release;
		};
		8222DB961DD1EF81003982DA /* Debug */ = {
			isa = XCBuildConfiguration;
			buildSettings = {
				ASSETCATALOG_COMPILER_APPICON_NAME = AppIcon;
				DEVELOPMENT_TEAM = 3E7TCD55JT;
				INFOPLIST_FILE = Shadows/Info.plist;
				IPHONEOS_DEPLOYMENT_TARGET = 9.0;
				LD_RUNPATH_SEARCH_PATHS = "$(inherited) @executable_path/Frameworks";
				PRODUCT_BUNDLE_IDENTIFIER = com.caroline.Shadows;
				PRODUCT_NAME = "$(TARGET_NAME)";
				SWIFT_VERSION = 3.0;
			};
			name = Debug;
		};
		8222DB971DD1EF81003982DA /* Release */ = {
			isa = XCBuildConfiguration;
			buildSettings = {
				ASSETCATALOG_COMPILER_APPICON_NAME = AppIcon;
				DEVELOPMENT_TEAM = 3E7TCD55JT;
				INFOPLIST_FILE = Shadows/Info.plist;
				IPHONEOS_DEPLOYMENT_TARGET = 9.0;
				LD_RUNPATH_SEARCH_PATHS = "$(inherited) @executable_path/Frameworks";
				PRODUCT_BUNDLE_IDENTIFIER = com.caroline.Shadows;
				PRODUCT_NAME = "$(TARGET_NAME)";
				SWIFT_VERSION = 3.0;
			};
			name = Release;
		};
/* End XCBuildConfiguration section */

/* Begin XCConfigurationList section */
		8222DB7E1DD1EF81003982DA /* Build configuration list for PBXProject "Shadows" */ = {
			isa = XCConfigurationList;
			buildConfigurations = (
				8222DB931DD1EF81003982DA /* Debug */,
				8222DB941DD1EF81003982DA /* Release */,
			);
			defaultConfigurationIsVisible = 0;
			defaultConfigurationName = Release;
		};
		8222DB951DD1EF81003982DA /* Build configuration list for PBXNativeTarget "Shadows" */ = {
			isa = XCConfigurationList;
			buildConfigurations = (
				8222DB961DD1EF81003982DA /* Debug */,
				8222DB971DD1EF81003982DA /* Release */,
			);
			defaultConfigurationIsVisible = 0;
			defaultConfigurationName = Release;
		};
/* End XCConfigurationList section */
	};
	rootObject = 8222DB7B1DD1EF81003982DA /* Project object */;
}
